{
  "originHash" : "ac21ae668f834f37fab6748d5585aed1281efb4fa85b8015d192ac8dd1f8c4e5",
  "pins" : [
    {
      "identity" : "becomap-ios-sdk",
      "kind" : "remoteSourceControl",
      "location" : "https://github.com/iBeCo/becomap-ios-sdk",
      "state" : {
        "revision" : "ced60c2c5d457746ac9cc6f3ba4f27d3cc78009d",
        "version" : "2.0.1"
      }
    }
  ],
  "version" : 3
}
