{
  "originHash" : "ac21ae668f834f37fab6748d5585aed1281efb4fa85b8015d192ac8dd1f8c4e5",
  "pins" : [
    {
      "identity" : "becomap-ios-sdk",
      "kind" : "remoteSourceControl",
      "location" : "https://github.com/iBeCo/becomap-ios-sdk",
      "state" : {
        "revision" : "29ad7f1affd2275184c5f469b475ee9213642fc5",
        "version" : "1.0.2"
      }
    }
  ],
  "version" : 3
}
