{
  "originHash" : "ac21ae668f834f37fab6748d5585aed1281efb4fa85b8015d192ac8dd1f8c4e5",
  "pins" : [
    {
      "identity" : "becomap-ios-sdk",
      "kind" : "remoteSourceControl",
      "location" : "https://github.com/iBeCo/becomap-ios-sdk",
      "state" : {
        "revision" : "e5ace191febe71191167603f6d57988dd7661750",
        "version" : "1.0.13"
      }
    }
  ],
  "version" : 3
}
